
Microsoft Visual Studio Solution File, Format Version 12.00
# Visual Studio 15
VisualStudioVersion = 15.0.28307.572
MinimumVisualStudioVersion = 10.0.40219.1
Project("{9A19103F-16F7-4668-BE54-9A1E7A4F7556}") = "FCP.Core", "FCP.Core\FCP.Core.csproj", "{10E495AD-71D1-4F32-B971-2BE3FD45B157}"
EndProject
Project("{9A19103F-16F7-4668-BE54-9A1E7A4F7556}") = "FCP.Business", "FCP.Business\FCP.Business.csproj", "{2831BA74-E82F-4F65-B34D-4486750E5983}"
EndProject
Project("{9A19103F-16F7-4668-BE54-9A1E7A4F7556}") = "FCP.Entities", "FCP.Entities\FCP.Entities.csproj", "{424D3B49-5C2F-4A09-8145-984FF3764FA1}"
EndProject
Project("{9A19103F-16F7-4668-BE54-9A1E7A4F7556}") = "FCP.DAL", "FCP.DAL\FCP.DAL.csproj", "{D3D60726-CDA4-413B-8334-389AEA06F237}"
EndProject
Project("{FAE04EC0-301F-11D3-BF4B-00C04F79EFBC}") = "FCP.WebUI", "FCP.WebUI\FCP.WebUI.csproj", "{C480DE9C-F089-4494-A214-5611E6331BF4}"
EndProject
Global
	GlobalSection(SolutionConfigurationPlatforms) = preSolution
		Debug|Any CPU = Debug|Any CPU
		Release|Any CPU = Release|Any CPU
	EndGlobalSection
	GlobalSection(ProjectConfigurationPlatforms) = postSolution
		{10E495AD-71D1-4F32-B971-2BE3FD45B157}.Debug|Any CPU.ActiveCfg = Debug|Any CPU
		{10E495AD-71D1-4F32-B971-2BE3FD45B157}.Debug|Any CPU.Build.0 = Debug|Any CPU
		{10E495AD-71D1-4F32-B971-2BE3FD45B157}.Release|Any CPU.ActiveCfg = Release|Any CPU
		{10E495AD-71D1-4F32-B971-2BE3FD45B157}.Release|Any CPU.Build.0 = Release|Any CPU
		{2831BA74-E82F-4F65-B34D-4486750E5983}.Debug|Any CPU.ActiveCfg = Debug|Any CPU
		{2831BA74-E82F-4F65-B34D-4486750E5983}.Debug|Any CPU.Build.0 = Debug|Any CPU
		{2831BA74-E82F-4F65-B34D-4486750E5983}.Release|Any CPU.ActiveCfg = Release|Any CPU
		{2831BA74-E82F-4F65-B34D-4486750E5983}.Release|Any CPU.Build.0 = Release|Any CPU
		{424D3B49-5C2F-4A09-8145-984FF3764FA1}.Debug|Any CPU.ActiveCfg = Debug|Any CPU
		{424D3B49-5C2F-4A09-8145-984FF3764FA1}.Debug|Any CPU.Build.0 = Debug|Any CPU
		{424D3B49-5C2F-4A09-8145-984FF3764FA1}.Release|Any CPU.ActiveCfg = Release|Any CPU
		{424D3B49-5C2F-4A09-8145-984FF3764FA1}.Release|Any CPU.Build.0 = Release|Any CPU
		{D3D60726-CDA4-413B-8334-389AEA06F237}.Debug|Any CPU.ActiveCfg = Debug|Any CPU
		{D3D60726-CDA4-413B-8334-389AEA06F237}.Debug|Any CPU.Build.0 = Debug|Any CPU
		{D3D60726-CDA4-413B-8334-389AEA06F237}.Release|Any CPU.ActiveCfg = Release|Any CPU
		{D3D60726-CDA4-413B-8334-389AEA06F237}.Release|Any CPU.Build.0 = Release|Any CPU
		{C480DE9C-F089-4494-A214-5611E6331BF4}.Debug|Any CPU.ActiveCfg = Debug|Any CPU
		{C480DE9C-F089-4494-A214-5611E6331BF4}.Debug|Any CPU.Build.0 = Debug|Any CPU
		{C480DE9C-F089-4494-A214-5611E6331BF4}.Release|Any CPU.ActiveCfg = Release|Any CPU
		{C480DE9C-F089-4494-A214-5611E6331BF4}.Release|Any CPU.Build.0 = Release|Any CPU
	EndGlobalSection
	GlobalSection(SolutionProperties) = preSolution
		HideSolutionNode = FALSE
	EndGlobalSection
	GlobalSection(ExtensibilityGlobals) = postSolution
		SolutionGuid = {6DC7339C-B383-4276-87D0-6730CE195E51}
	EndGlobalSection
EndGlobal
